
Microsoft Visual Studio Solution File, Format Version 12.00
# Visual Studio Version 17
VisualStudioVersion = 17.2.32519.379
MinimumVisualStudioVersion = 10.0.40219.1
Project("{9A19103F-16F7-4668-BE54-9A1E7A4F7556}") = "PS_G1_L1", "PS_G1_L1\PS_G1_L1.csproj", "{A479C85C-5BFB-4C33-8CE5-7A614EAC63F7}"
EndProject
Project("{9A19103F-16F7-4668-BE54-9A1E7A4F7556}") = "CryptoSoft", "CryptoSoft\CryptoSoft.csproj", "{B0FB76E2-DBB3-41A8-BADE-17F37F8254B8}"
EndProject
Project("{9A19103F-16F7-4668-BE54-9A1E7A4F7556}") = "EasySaveDeported", "EasySaveDeported\EasySaveDeported.csproj", "{CDB025FC-C8AD-469D-8E17-4BA1AADD5D79}"
EndProject
Global
	GlobalSection(SolutionConfigurationPlatforms) = preSolution
		Debug|Any CPU = Debug|Any CPU
		Release|Any CPU = Release|Any CPU
	EndGlobalSection
	GlobalSection(ProjectConfigurationPlatforms) = postSolution
		{A479C85C-5BFB-4C33-8CE5-7A614EAC63F7}.Debug|Any CPU.ActiveCfg = Debug|Any CPU
		{A479C85C-5BFB-4C33-8CE5-7A614EAC63F7}.Debug|Any CPU.Build.0 = Debug|Any CPU
		{A479C85C-5BFB-4C33-8CE5-7A614EAC63F7}.Release|Any CPU.ActiveCfg = Release|Any CPU
		{A479C85C-5BFB-4C33-8CE5-7A614EAC63F7}.Release|Any CPU.Build.0 = Release|Any CPU
		{B0FB76E2-DBB3-41A8-BADE-17F37F8254B8}.Debug|Any CPU.ActiveCfg = Debug|Any CPU
		{B0FB76E2-DBB3-41A8-BADE-17F37F8254B8}.Debug|Any CPU.Build.0 = Debug|Any CPU
		{B0FB76E2-DBB3-41A8-BADE-17F37F8254B8}.Release|Any CPU.ActiveCfg = Release|Any CPU
		{B0FB76E2-DBB3-41A8-BADE-17F37F8254B8}.Release|Any CPU.Build.0 = Release|Any CPU
		{CDB025FC-C8AD-469D-8E17-4BA1AADD5D79}.Debug|Any CPU.ActiveCfg = Debug|Any CPU
		{CDB025FC-C8AD-469D-8E17-4BA1AADD5D79}.Debug|Any CPU.Build.0 = Debug|Any CPU
		{CDB025FC-C8AD-469D-8E17-4BA1AADD5D79}.Release|Any CPU.ActiveCfg = Release|Any CPU
		{CDB025FC-C8AD-469D-8E17-4BA1AADD5D79}.Release|Any CPU.Build.0 = Release|Any CPU
	EndGlobalSection
	GlobalSection(SolutionProperties) = preSolution
		HideSolutionNode = FALSE
	EndGlobalSection
	GlobalSection(ExtensibilityGlobals) = postSolution
		SolutionGuid = {5F991A57-B058-40BE-B21B-4807E4A2ED85}
	EndGlobalSection
EndGlobal
